
Microsoft Visual Studio Solution File, Format Version 12.00
# Visual Studio Version 17
VisualStudioVersion = 17.6.33712.159
MinimumVisualStudioVersion = 10.0.40219.1
Project("{FAE04EC0-301F-11D3-BF4B-00C04F79EFBC}") = "ComRefactorConsole", "ComRefactorConsole.csproj", "{D90E6C74-3A8D-4BAF-B62F-DD66AAC92181}"
EndProject
Global
	GlobalSection(SolutionConfigurationPlatforms) = preSolution
		Debug|Any CPU = Debug|Any CPU
		Release|Any CPU = Release|Any CPU
	EndGlobalSection
	GlobalSection(ProjectConfigurationPlatforms) = postSolution
		{D90E6C74-3A8D-4BAF-B62F-DD66AAC92181}.Debug|Any CPU.ActiveCfg = Debug|Any CPU
		{D90E6C74-3A8D-4BAF-B62F-DD66AAC92181}.Debug|Any CPU.Build.0 = Debug|Any CPU
		{D90E6C74-3A8D-4BAF-B62F-DD66AAC92181}.Release|Any CPU.ActiveCfg = Release|Any CPU
		{D90E6C74-3A8D-4BAF-B62F-DD66AAC92181}.Release|Any CPU.Build.0 = Release|Any CPU
	EndGlobalSection
	GlobalSection(SolutionProperties) = preSolution
		HideSolutionNode = FALSE
	EndGlobalSection
	GlobalSection(ExtensibilityGlobals) = postSolution
		SolutionGuid = {E00481BA-F6BE-4A8E-892B-F5E22A05B321}
	EndGlobalSection
EndGlobal
